// !$*UTF8*$!
{
	archiveVersion = 1;
	classes = {
	};
	objectVersion = 46;
	objects = {

/* Begin PBXBuildFile section */
		9661E78C1C0E9916006B892C /* main.m in Sources */ = {isa = PBXBuildFile; fileRef = 9661E78B1C0E9916006B892C /* main.m */; };
		9661E78F1C0E9916006B892C /* AppDelegate.m in Sources */ = {isa = PBXBuildFile; fileRef = 9661E78E1C0E9916006B892C /* AppDelegate.m */; };
		9661E7921C0E9916006B892C /* ViewController.m in Sources */ = {isa = PBXBuildFile; fileRef = 9661E7911C0E9916006B892C /* ViewController.m */; };
		9661E7951C0E9916006B892C /* Main.storyboard in Resources */ = {isa = PBXBuildFile; fileRef = 9661E7931C0E9916006B892C /* Main.storyboard */; };
		9661E7971C0E9916006B892C /* Assets.xcassets in Resources */ = {isa = PBXBuildFile; fileRef = 9661E7961C0E9916006B892C /* Assets.xcassets */; };
		9661E79A1C0E9916006B892C /* LaunchScreen.storyboard in Resources */ = {isa = PBXBuildFile; fileRef = 9661E7981C0E9916006B892C /* LaunchScreen.storyboard */; };
		9661E7A51C0E9916006B892C /* calculatorTests.m in Sources */ = {isa = PBXBuildFile; fileRef = 9661E7A41C0E9916006B892C /* calculatorTests.m */; };
		9661E7B01C0E9916006B892C /* calculatorUITests.m in Sources */ = {isa = PBXBuildFile; fileRef = 9661E7AF1C0E9916006B892C /* calculatorUITests.m */; };
		9669A6AF1C0FDF030009401A /* CNCNHandelTool.m in Sources */ = {isa = PBXBuildFile; fileRef = 9669A6AE1C0FDF030009401A /* CNCNHandelTool.m */; settings = {ASSET_TAGS = (); }; };
		9669A6B21C0FDFF20009401A /* CNCNOpration.m in Sources */ = {isa = PBXBuildFile; fileRef = 9669A6B11C0FDFF20009401A /* CNCNOpration.m */; settings = {ASSET_TAGS = (); }; };
		96FDE0B41C0EDEF700518A4C /* UIView+Extension.m in Sources */ = {isa = PBXBuildFile; fileRef = 96FDE0B31C0EDEF700518A4C /* UIView+Extension.m */; settings = {ASSET_TAGS = (); }; };
		96FDE0BB1C0EE35900518A4C /* CNCNnumberView.m in Sources */ = {isa = PBXBuildFile; fileRef = 96FDE0BA1C0EE35900518A4C /* CNCNnumberView.m */; settings = {ASSET_TAGS = (); }; };
		96FDE0BE1C0EF28200518A4C /* CNCNHandelView.m in Sources */ = {isa = PBXBuildFile; fileRef = 96FDE0BD1C0EF28200518A4C /* CNCNHandelView.m */; settings = {ASSET_TAGS = (); }; };
		96FDE0C11C0F085700518A4C /* CNCNResultVIew.m in Sources */ = {isa = PBXBuildFile; fileRef = 96FDE0C01C0F085700518A4C /* CNCNResultVIew.m */; settings = {ASSET_TAGS = (); }; };
		96FDE0C41C0F0B4E00518A4C /* CNCNFunctionView.m in Sources */ = {isa = PBXBuildFile; fileRef = 96FDE0C31C0F0B4E00518A4C /* CNCNFunctionView.m */; settings = {ASSET_TAGS = (); }; };
		96FDE0C71C0F0D5E00518A4C /* CNCNDataView.m in Sources */ = {isa = PBXBuildFile; fileRef = 96FDE0C61C0F0D5E00518A4C /* CNCNDataView.m */; settings = {ASSET_TAGS = (); }; };
		96FDE0CA1C0F0F7700518A4C /* CNCNLastView.m in Sources */ = {isa = PBXBuildFile; fileRef = 96FDE0C91C0F0F7700518A4C /* CNCNLastView.m */; settings = {ASSET_TAGS = (); }; };
/* End PBXBuildFile section */

/* Begin PBXContainerItemProxy section */
		9661E7A11C0E9916006B892C /* PBXContainerItemProxy */ = {
			isa = PBXContainerItemProxy;
			containerPortal = 9661E77F1C0E9916006B892C /* Project object */;
			proxyType = 1;
			remoteGlobalIDString = 9661E7861C0E9916006B892C;
			remoteInfo = calculator;
		};
		9661E7AC1C0E9916006B892C /* PBXContainerItemProxy */ = {
			isa = PBXContainerItemProxy;
			containerPortal = 9661E77F1C0E9916006B892C /* Project object */;
			proxyType = 1;
			remoteGlobalIDString = 9661E7861C0E9916006B892C;
			remoteInfo = calculator;
		};
/* End PBXContainerItemProxy section */

/* Begin PBXFileReference section */
		9661E7871C0E9916006B892C /* calculator.app */ = {isa = PBXFileReference; explicitFileType = wrapper.application; includeInIndex = 0; path = calculator.app; sourceTree = BUILT_PRODUCTS_DIR; };
		9661E78B1C0E9916006B892C /* main.m */ = {isa = PBXFileReference; lastKnownFileType = sourcecode.c.objc; path = main.m; sourceTree = "<group>"; };
		9661E78D1C0E9916006B892C /* AppDelegate.h */ = {isa = PBXFileReference; lastKnownFileType = sourcecode.c.h; path = AppDelegate.h; sourceTree = "<group>"; };
		9661E78E1C0E9916006B892C /* AppDelegate.m */ = {isa = PBXFileReference; lastKnownFileType = sourcecode.c.objc; path = AppDelegate.m; sourceTree = "<group>"; };
		9661E7901C0E9916006B892C /* ViewController.h */ = {isa = PBXFileReference; lastKnownFileType = sourcecode.c.h; path = ViewController.h; sourceTree = "<group>"; };
		9661E7911C0E9916006B892C /* ViewController.m */ = {isa = PBXFileReference; lastKnownFileType = sourcecode.c.objc; path = ViewController.m; sourceTree = "<group>"; };
		9661E7941C0E9916006B892C /* Base */ = {isa = PBXFileReference; lastKnownFileType = file.storyboard; name = Base; path = Base.lproj/Main.storyboard; sourceTree = "<group>"; };
		9661E7961C0E9916006B892C /* Assets.xcassets */ = {isa = PBXFileReference; lastKnownFileType = folder.assetcatalog; path = Assets.xcassets; sourceTree = "<group>"; };
		9661E7991C0E9916006B892C /* Base */ = {isa = PBXFileReference; lastKnownFileType = file.storyboard; name = Base; path = Base.lproj/LaunchScreen.storyboard; sourceTree = "<group>"; };
		9661E79B1C0E9916006B892C /* Info.plist */ = {isa = PBXFileReference; lastKnownFileType = text.plist.xml; path = Info.plist; sourceTree = "<group>"; };
		9661E7A01C0E9916006B892C /* calculatorTests.xctest */ = {isa = PBXFileReference; explicitFileType = wrapper.cfbundle; includeInIndex = 0; path = calculatorTests.xctest; sourceTree = BUILT_PRODUCTS_DIR; };
		9661E7A41C0E9916006B892C /* calculatorTests.m */ = {isa = PBXFileReference; lastKnownFileType = sourcecode.c.objc; path = calculatorTests.m; sourceTree = "<group>"; };
		9661E7A61C0E9916006B892C /* Info.plist */ = {isa = PBXFileReference; lastKnownFileType = text.plist.xml; path = Info.plist; sourceTree = "<group>"; };
		9661E7AB1C0E9916006B892C /* calculatorUITests.xctest */ = {isa = PBXFileReference; explicitFileType = wrapper.cfbundle; includeInIndex = 0; path = calculatorUITests.xctest; sourceTree = BUILT_PRODUCTS_DIR; };
		9661E7AF1C0E9916006B892C /* calculatorUITests.m */ = {isa = PBXFileReference; lastKnownFileType = sourcecode.c.objc; path = calculatorUITests.m; sourceTree = "<group>"; };
		9661E7B11C0E9916006B892C /* Info.plist */ = {isa = PBXFileReference; lastKnownFileType = text.plist.xml; path = Info.plist; sourceTree = "<group>"; };
		9669A6AD1C0FDF030009401A /* CNCNHandelTool.h */ = {isa = PBXFileReference; fileEncoding = 4; lastKnownFileType = sourcecode.c.h; path = CNCNHandelTool.h; sourceTree = "<group>"; };
		9669A6AE1C0FDF030009401A /* CNCNHandelTool.m */ = {isa = PBXFileReference; fileEncoding = 4; lastKnownFileType = sourcecode.c.objc; path = CNCNHandelTool.m; sourceTree = "<group>"; };
		9669A6B01C0FDFF20009401A /* CNCNOpration.h */ = {isa = PBXFileReference; fileEncoding = 4; lastKnownFileType = sourcecode.c.h; path = CNCNOpration.h; sourceTree = "<group>"; };
		9669A6B11C0FDFF20009401A /* CNCNOpration.m */ = {isa = PBXFileReference; fileEncoding = 4; lastKnownFileType = sourcecode.c.objc; path = CNCNOpration.m; sourceTree = "<group>"; };
		96FDE0B21C0EDEF700518A4C /* UIView+Extension.h */ = {isa = PBXFileReference; fileEncoding = 4; lastKnownFileType = sourcecode.c.h; path = "UIView+Extension.h"; sourceTree = "<group>"; };
		96FDE0B31C0EDEF700518A4C /* UIView+Extension.m */ = {isa = PBXFileReference; fileEncoding = 4; lastKnownFileType = sourcecode.c.objc; path = "UIView+Extension.m"; sourceTree = "<group>"; };
		96FDE0B91C0EE35900518A4C /* CNCNnumberView.h */ = {isa = PBXFileReference; fileEncoding = 4; lastKnownFileType = sourcecode.c.h; path = CNCNnumberView.h; sourceTree = "<group>"; };
		96FDE0BA1C0EE35900518A4C /* CNCNnumberView.m */ = {isa = PBXFileReference; fileEncoding = 4; lastKnownFileType = sourcecode.c.objc; path = CNCNnumberView.m; sourceTree = "<group>"; };
		96FDE0BC1C0EF28200518A4C /* CNCNHandelView.h */ = {isa = PBXFileReference; fileEncoding = 4; lastKnownFileType = sourcecode.c.h; path = CNCNHandelView.h; sourceTree = "<group>"; };
		96FDE0BD1C0EF28200518A4C /* CNCNHandelView.m */ = {isa = PBXFileReference; fileEncoding = 4; lastKnownFileType = sourcecode.c.objc; path = CNCNHandelView.m; sourceTree = "<group>"; };
		96FDE0BF1C0F085700518A4C /* CNCNResultVIew.h */ = {isa = PBXFileReference; fileEncoding = 4; lastKnownFileType = sourcecode.c.h; path = CNCNResultVIew.h; sourceTree = "<group>"; };
		96FDE0C01C0F085700518A4C /* CNCNResultVIew.m */ = {isa = PBXFileReference; fileEncoding = 4; lastKnownFileType = sourcecode.c.objc; path = CNCNResultVIew.m; sourceTree = "<group>"; };
		96FDE0C21C0F0B4E00518A4C /* CNCNFunctionView.h */ = {isa = PBXFileReference; fileEncoding = 4; lastKnownFileType = sourcecode.c.h; path = CNCNFunctionView.h; sourceTree = "<group>"; };
		96FDE0C31C0F0B4E00518A4C /* CNCNFunctionView.m */ = {isa = PBXFileReference; fileEncoding = 4; lastKnownFileType = sourcecode.c.objc; path = CNCNFunctionView.m; sourceTree = "<group>"; };
		96FDE0C51C0F0D5E00518A4C /* CNCNDataView.h */ = {isa = PBXFileReference; fileEncoding = 4; lastKnownFileType = sourcecode.c.h; path = CNCNDataView.h; sourceTree = "<group>"; };
		96FDE0C61C0F0D5E00518A4C /* CNCNDataView.m */ = {isa = PBXFileReference; fileEncoding = 4; lastKnownFileType = sourcecode.c.objc; path = CNCNDataView.m; sourceTree = "<group>"; };
		96FDE0C81C0F0F7700518A4C /* CNCNLastView.h */ = {isa = PBXFileReference; fileEncoding = 4; lastKnownFileType = sourcecode.c.h; path = CNCNLastView.h; sourceTree = "<group>"; };
		96FDE0C91C0F0F7700518A4C /* CNCNLastView.m */ = {isa = PBXFileReference; fileEncoding = 4; lastKnownFileType = sourcecode.c.objc; path = CNCNLastView.m; sourceTree = "<group>"; };
/* End PBXFileReference section */

/* Begin PBXFrameworksBuildPhase section */
		9661E7841C0E9916006B892C /* Frameworks */ = {
			isa = PBXFrameworksBuildPhase;
			buildActionMask = 2147483647;
			files = (
			);
			runOnlyForDeploymentPostprocessing = 0;
		};
		9661E79D1C0E9916006B892C /* Frameworks */ = {
			isa = PBXFrameworksBuildPhase;
			buildActionMask = 2147483647;
			files = (
			);
			runOnlyForDeploymentPostprocessing = 0;
		};
		9661E7A81C0E9916006B892C /* Frameworks */ = {
			isa = PBXFrameworksBuildPhase;
			buildActionMask = 2147483647;
			files = (
			);
			runOnlyForDeploymentPostprocessing = 0;
		};
/* End PBXFrameworksBuildPhase section */

/* Begin PBXGroup section */
		9661E77E1C0E9916006B892C = {
			isa = PBXGroup;
			children = (
				9661E7891C0E9916006B892C /* calculator */,
				9661E7A31C0E9916006B892C /* calculatorTests */,
				9661E7AE1C0E9916006B892C /* calculatorUITests */,
				9661E7881C0E9916006B892C /* Products */,
			);
			sourceTree = "<group>";
		};
		9661E7881C0E9916006B892C /* Products */ = {
			isa = PBXGroup;
			children = (
				9661E7871C0E9916006B892C /* calculator.app */,
				9661E7A01C0E9916006B892C /* calculatorTests.xctest */,
				9661E7AB1C0E9916006B892C /* calculatorUITests.xctest */,
			);
			name = Products;
			sourceTree = "<group>";
		};
		9661E7891C0E9916006B892C /* calculator */ = {
			isa = PBXGroup;
			children = (
				9669A6AC1C0FDEBD0009401A /* Tool */,
				96FDE0B11C0EDEEE00518A4C /* Category */,
				96FDE0B81C0EE30C00518A4C /* VIew */,
				9661E78D1C0E9916006B892C /* AppDelegate.h */,
				9661E78E1C0E9916006B892C /* AppDelegate.m */,
				9661E7901C0E9916006B892C /* ViewController.h */,
				9661E7911C0E9916006B892C /* ViewController.m */,
				9661E7931C0E9916006B892C /* Main.storyboard */,
				9661E7961C0E9916006B892C /* Assets.xcassets */,
				9661E7981C0E9916006B892C /* LaunchScreen.storyboard */,
				9661E79B1C0E9916006B892C /* Info.plist */,
				9661E78A1C0E9916006B892C /* Supporting Files */,
			);
			path = calculator;
			sourceTree = "<group>";
		};
		9661E78A1C0E9916006B892C /* Supporting Files */ = {
			isa = PBXGroup;
			children = (
				9661E78B1C0E9916006B892C /* main.m */,
			);
			name = "Supporting Files";
			sourceTree = "<group>";
		};
		9661E7A31C0E9916006B892C /* calculatorTests */ = {
			isa = PBXGroup;
			children = (
				9661E7A41C0E9916006B892C /* calculatorTests.m */,
				9661E7A61C0E9916006B892C /* Info.plist */,
			);
			path = calculatorTests;
			sourceTree = "<group>";
		};
		9661E7AE1C0E9916006B892C /* calculatorUITests */ = {
			isa = PBXGroup;
			children = (
				9661E7AF1C0E9916006B892C /* calculatorUITests.m */,
				9661E7B11C0E9916006B892C /* Info.plist */,
			);
			path = calculatorUITests;
			sourceTree = "<group>";
		};
		9669A6AB1C0FDE8A0009401A /* Tool */ = {
			isa = PBXGroup;
			children = (
			);
			path = Tool;
			sourceTree = "<group>";
		};
		9669A6AC1C0FDEBD0009401A /* Tool */ = {
			isa = PBXGroup;
			children = (
				9669A6AD1C0FDF030009401A /* CNCNHandelTool.h */,
				9669A6AE1C0FDF030009401A /* CNCNHandelTool.m */,
				9669A6B01C0FDFF20009401A /* CNCNOpration.h */,
				9669A6B11C0FDFF20009401A /* CNCNOpration.m */,
			);
			path = Tool;
			sourceTree = "<group>";
		};
		96FDE0B11C0EDEEE00518A4C /* Category */ = {
			isa = PBXGroup;
			children = (
				9669A6AB1C0FDE8A0009401A /* Tool */,
				96FDE0B21C0EDEF700518A4C /* UIView+Extension.h */,
				96FDE0B31C0EDEF700518A4C /* UIView+Extension.m */,
			);
			path = Category;
			sourceTree = "<group>";
		};
		96FDE0B81C0EE30C00518A4C /* VIew */ = {
			isa = PBXGroup;
			children = (
				96FDE0C51C0F0D5E00518A4C /* CNCNDataView.h */,
				96FDE0C61C0F0D5E00518A4C /* CNCNDataView.m */,
				96FDE0C21C0F0B4E00518A4C /* CNCNFunctionView.h */,
				96FDE0C31C0F0B4E00518A4C /* CNCNFunctionView.m */,
				96FDE0BC1C0EF28200518A4C /* CNCNHandelView.h */,
				96FDE0BD1C0EF28200518A4C /* CNCNHandelView.m */,
				96FDE0C81C0F0F7700518A4C /* CNCNLastView.h */,
				96FDE0C91C0F0F7700518A4C /* CNCNLastView.m */,
				96FDE0B91C0EE35900518A4C /* CNCNnumberView.h */,
				96FDE0BA1C0EE35900518A4C /* CNCNnumberView.m */,
				96FDE0BF1C0F085700518A4C /* CNCNResultVIew.h */,
				96FDE0C01C0F085700518A4C /* CNCNResultVIew.m */,
			);
			path = VIew;
			sourceTree = "<group>";
		};
/* End PBXGroup section */

/* Begin PBXNativeTarget section */
		9661E7861C0E9916006B892C /* calculator */ = {
			isa = PBXNativeTarget;
			buildConfigurationList = 9661E7B41C0E9916006B892C /* Build configuration list for PBXNativeTarget "calculator" */;
			buildPhases = (
				9661E7831C0E9916006B892C /* Sources */,
				9661E7841C0E9916006B892C /* Frameworks */,
				9661E7851C0E9916006B892C /* Resources */,
			);
			buildRules = (
			);
			dependencies = (
			);
			name = calculator;
			productName = calculator;
			productReference = 9661E7871C0E9916006B892C /* calculator.app */;
			productType = "com.apple.product-type.application";
		};
		9661E79F1C0E9916006B892C /* calculatorTests */ = {
			isa = PBXNativeTarget;
			buildConfigurationList = 9661E7B71C0E9916006B892C /* Build configuration list for PBXNativeTarget "calculatorTests" */;
			buildPhases = (
				9661E79C1C0E9916006B892C /* Sources */,
				9661E79D1C0E9916006B892C /* Frameworks */,
				9661E79E1C0E9916006B892C /* Resources */,
			);
			buildRules = (
			);
			dependencies = (
				9661E7A21C0E9916006B892C /* PBXTargetDependency */,
			);
			name = calculatorTests;
			productName = calculatorTests;
			productReference = 9661E7A01C0E9916006B892C /* calculatorTests.xctest */;
			productType = "com.apple.product-type.bundle.unit-test";
		};
		9661E7AA1C0E9916006B892C /* calculatorUITests */ = {
			isa = PBXNativeTarget;
			buildConfigurationList = 9661E7BA1C0E9916006B892C /* Build configuration list for PBXNativeTarget "calculatorUITests" */;
			buildPhases = (
				9661E7A71C0E9916006B892C /* Sources */,
				9661E7A81C0E9916006B892C /* Frameworks */,
				9661E7A91C0E9916006B892C /* Resources */,
			);
			buildRules = (
			);
			dependencies = (
				9661E7AD1C0E9916006B892C /* PBXTargetDependency */,
			);
			name = calculatorUITests;
			productName = calculatorUITests;
			productReference = 9661E7AB1C0E9916006B892C /* calculatorUITests.xctest */;
			productType = "com.apple.product-type.bundle.ui-testing";
		};
/* End PBXNativeTarget section */

/* Begin PBXProject section */
		9661E77F1C0E9916006B892C /* Project object */ = {
			isa = PBXProject;
			attributes = {
				CLASSPREFIX = CNCN;
				LastUpgradeCheck = 0700;
				ORGANIZATIONNAME = cncn;
				TargetAttributes = {
					9661E7861C0E9916006B892C = {
						CreatedOnToolsVersion = 7.0;
						DevelopmentTeam = 4S2KSQLQCV;
					};
					9661E79F1C0E9916006B892C = {
						CreatedOnToolsVersion = 7.0;
						DevelopmentTeam = 4S2KSQLQCV;
						TestTargetID = 9661E7861C0E9916006B892C;
					};
					9661E7AA1C0E9916006B892C = {
						CreatedOnToolsVersion = 7.0;
						DevelopmentTeam = 4S2KSQLQCV;
						TestTargetID = 9661E7861C0E9916006B892C;
					};
				};
			};
			buildConfigurationList = 9661E7821C0E9916006B892C /* Build configuration list for PBXProject "calculator" */;
			compatibilityVersion = "Xcode 3.2";
			developmentRegion = English;
			hasScannedForEncodings = 0;
			knownRegions = (
				en,
				Base,
			);
			mainGroup = 9661E77E1C0E9916006B892C;
			productRefGroup = 9661E7881C0E9916006B892C /* Products */;
			projectDirPath = "";
			projectRoot = "";
			targets = (
				9661E7861C0E9916006B892C /* calculator */,
				9661E79F1C0E9916006B892C /* calculatorTests */,
				9661E7AA1C0E9916006B892C /* calculatorUITests */,
			);
		};
/* End PBXProject section */

/* Begin PBXResourcesBuildPhase section */
		9661E7851C0E9916006B892C /* Resources */ = {
			isa = PBXResourcesBuildPhase;
			buildActionMask = 2147483647;
			files = (
				9661E79A1C0E9916006B892C /* LaunchScreen.storyboard in Resources */,
				9661E7971C0E9916006B892C /* Assets.xcassets in Resources */,
				9661E7951C0E9916006B892C /* Main.storyboard in Resources */,
			);
			runOnlyForDeploymentPostprocessing = 0;
		};
		9661E79E1C0E9916006B892C /* Resources */ = {
			isa = PBXResourcesBuildPhase;
			buildActionMask = 2147483647;
			files = (
			);
			runOnlyForDeploymentPostprocessing = 0;
		};
		9661E7A91C0E9916006B892C /* Resources */ = {
			isa = PBXResourcesBuildPhase;
			buildActionMask = 2147483647;
			files = (
			);
			runOnlyForDeploymentPostprocessing = 0;
		};
/* End PBXResourcesBuildPhase section */

/* Begin PBXSourcesBuildPhase section */
		9661E7831C0E9916006B892C /* Sources */ = {
			isa = PBXSourcesBuildPhase;
			buildActionMask = 2147483647;
			files = (
				96FDE0C41C0F0B4E00518A4C /* CNCNFunctionView.m in Sources */,
				96FDE0C11C0F085700518A4C /* CNCNResultVIew.m in Sources */,
				9661E7921C0E9916006B892C /* ViewController.m in Sources */,
				9669A6B21C0FDFF20009401A /* CNCNOpration.m in Sources */,
				96FDE0C71C0F0D5E00518A4C /* CNCNDataView.m in Sources */,
				9661E78F1C0E9916006B892C /* AppDelegate.m in Sources */,
				96FDE0BB1C0EE35900518A4C /* CNCNnumberView.m in Sources */,
				96FDE0B41C0EDEF700518A4C /* UIView+Extension.m in Sources */,
				96FDE0BE1C0EF28200518A4C /* CNCNHandelView.m in Sources */,
				9669A6AF1C0FDF030009401A /* CNCNHandelTool.m in Sources */,
				96FDE0CA1C0F0F7700518A4C /* CNCNLastView.m in Sources */,
				9661E78C1C0E9916006B892C /* main.m in Sources */,
			);
			runOnlyForDeploymentPostprocessing = 0;
		};
		9661E79C1C0E9916006B892C /* Sources */ = {
			isa = PBXSourcesBuildPhase;
			buildActionMask = 2147483647;
			files = (
				9661E7A51C0E9916006B892C /* calculatorTests.m in Sources */,
			);
			runOnlyForDeploymentPostprocessing = 0;
		};
		9661E7A71C0E9916006B892C /* Sources */ = {
			isa = PBXSourcesBuildPhase;
			buildActionMask = 2147483647;
			files = (
				9661E7B01C0E9916006B892C /* calculatorUITests.m in Sources */,
			);
			runOnlyForDeploymentPostprocessing = 0;
		};
/* End PBXSourcesBuildPhase section */

/* Begin PBXTargetDependency section */
		9661E7A21C0E9916006B892C /* PBXTargetDependency */ = {
			isa = PBXTargetDependency;
			target = 9661E7861C0E9916006B892C /* calculator */;
			targetProxy = 9661E7A11C0E9916006B892C /* PBXContainerItemProxy */;
		};
		9661E7AD1C0E9916006B892C /* PBXTargetDependency */ = {
			isa = PBXTargetDependency;
			target = 9661E7861C0E9916006B892C /* calculator */;
			targetProxy = 9661E7AC1C0E9916006B892C /* PBXContainerItemProxy */;
		};
/* End PBXTargetDependency section */

/* Begin PBXVariantGroup section */
		9661E7931C0E9916006B892C /* Main.storyboard */ = {
			isa = PBXVariantGroup;
			children = (
				9661E7941C0E9916006B892C /* Base */,
			);
			name = Main.storyboard;
			sourceTree = "<group>";
		};
		9661E7981C0E9916006B892C /* LaunchScreen.storyboard */ = {
			isa = PBXVariantGroup;
			children = (
				9661E7991C0E9916006B892C /* Base */,
			);
			name = LaunchScreen.storyboard;
			sourceTree = "<group>";
		};
/* End PBXVariantGroup section */

/* Begin XCBuildConfiguration section */
		9661E7B21C0E9916006B892C /* Debug */ = {
			isa = XCBuildConfiguration;
			buildSettings = {
				ALWAYS_SEARCH_USER_PATHS = NO;
				CLANG_CXX_LANGUAGE_STANDARD = "gnu++0x";
				CLANG_CXX_LIBRARY = "libc++";
				CLANG_ENABLE_MODULES = YES;
				CLANG_ENABLE_OBJC_ARC = YES;
				CLANG_WARN_BOOL_CONVERSION = YES;
				CLANG_WARN_CONSTANT_CONVERSION = YES;
				CLANG_WARN_DIRECT_OBJC_ISA_USAGE = YES_ERROR;
				CLANG_WARN_EMPTY_BODY = YES;
				CLANG_WARN_ENUM_CONVERSION = YES;
				CLANG_WARN_INT_CONVERSION = YES;
				CLANG_WARN_OBJC_ROOT_CLASS = YES_ERROR;
				CLANG_WARN_UNREACHABLE_CODE = YES;
				CLANG_WARN__DUPLICATE_METHOD_MATCH = YES;
				"CODE_SIGN_IDENTITY[sdk=iphoneos*]" = "iPhone Developer";
				COPY_PHASE_STRIP = NO;
				DEBUG_INFORMATION_FORMAT = dwarf;
				ENABLE_STRICT_OBJC_MSGSEND = YES;
				ENABLE_TESTABILITY = YES;
				GCC_C_LANGUAGE_STANDARD = gnu99;
				GCC_DYNAMIC_NO_PIC = NO;
				GCC_NO_COMMON_BLOCKS = YES;
				GCC_OPTIMIZATION_LEVEL = 0;
				GCC_PREFIX_HEADER = "";
				GCC_PREPROCESSOR_DEFINITIONS = (
					"DEBUG=1",
					"$(inherited)",
				);
				GCC_WARN_64_TO_32_BIT_CONVERSION = YES;
				GCC_WARN_ABOUT_RETURN_TYPE = YES_ERROR;
				GCC_WARN_UNDECLARED_SELECTOR = YES;
				GCC_WARN_UNINITIALIZED_AUTOS = YES_AGGRESSIVE;
				GCC_WARN_UNUSED_FUNCTION = YES;
				GCC_WARN_UNUSED_VARIABLE = YES;
				IPHONEOS_DEPLOYMENT_TARGET = 9.0;
				MTL_ENABLE_DEBUG_INFO = YES;
				ONLY_ACTIVE_ARCH = YES;
				SDKROOT = iphoneos;
				TARGETED_DEVICE_FAMILY = "1,2";
			};
			name = Debug;
		};
		9661E7B31C0E9916006B892C /* Release */ = {
			isa = XCBuildConfiguration;
			buildSettings = {
				ALWAYS_SEARCH_USER_PATHS = NO;
				CLANG_CXX_LANGUAGE_STANDARD = "gnu++0x";
				CLANG_CXX_LIBRARY = "libc++";
				CLANG_ENABLE_MODULES = YES;
				CLANG_ENABLE_OBJC_ARC = YES;
				CLANG_WARN_BOOL_CONVERSION = YES;
				CLANG_WARN_CONSTANT_CONVERSION = YES;
				CLANG_WARN_DIRECT_OBJC_ISA_USAGE = YES_ERROR;
				CLANG_WARN_EMPTY_BODY = YES;
				CLANG_WARN_ENUM_CONVERSION = YES;
				CLANG_WARN_INT_CONVERSION = YES;
				CLANG_WARN_OBJC_ROOT_CLASS = YES_ERROR;
				CLANG_WARN_UNREACHABLE_CODE = YES;
				CLANG_WARN__DUPLICATE_METHOD_MATCH = YES;
				"CODE_SIGN_IDENTITY[sdk=iphoneos*]" = "iPhone Developer";
				COPY_PHASE_STRIP = NO;
				DEBUG_INFORMATION_FORMAT = "dwarf-with-dsym";
				ENABLE_NS_ASSERTIONS = NO;
				ENABLE_STRICT_OBJC_MSGSEND = YES;
				GCC_C_LANGUAGE_STANDARD = gnu99;
				GCC_NO_COMMON_BLOCKS = YES;
				GCC_PREFIX_HEADER = "";
				GCC_WARN_64_TO_32_BIT_CONVERSION = YES;
				GCC_WARN_ABOUT_RETURN_TYPE = YES_ERROR;
				GCC_WARN_UNDECLARED_SELECTOR = YES;
				GCC_WARN_UNINITIALIZED_AUTOS = YES_AGGRESSIVE;
				GCC_WARN_UNUSED_FUNCTION = YES;
				GCC_WARN_UNUSED_VARIABLE = YES;
				IPHONEOS_DEPLOYMENT_TARGET = 9.0;
				MTL_ENABLE_DEBUG_INFO = NO;
				SDKROOT = iphoneos;
				TARGETED_DEVICE_FAMILY = "1,2";
				VALIDATE_PRODUCT = YES;
			};
			name = Release;
		};
		9661E7B51C0E9916006B892C /* Debug */ = {
			isa = XCBuildConfiguration;
			buildSettings = {
				ASSETCATALOG_COMPILER_APPICON_NAME = AppIcon;
				INFOPLIST_FILE = calculator/Info.plist;
				LD_RUNPATH_SEARCH_PATHS = "$(inherited) @executable_path/Frameworks";
				PRODUCT_BUNDLE_IDENTIFIER = com.cncn.calculator;
				PRODUCT_NAME = "$(TARGET_NAME)";
			};
			name = Debug;
		};
		9661E7B61C0E9916006B892C /* Release */ = {
			isa = XCBuildConfiguration;
			buildSettings = {
				ASSETCATALOG_COMPILER_APPICON_NAME = AppIcon;
				INFOPLIST_FILE = calculator/Info.plist;
				LD_RUNPATH_SEARCH_PATHS = "$(inherited) @executable_path/Frameworks";
				PRODUCT_BUNDLE_IDENTIFIER = com.cncn.calculator;
				PRODUCT_NAME = "$(TARGET_NAME)";
			};
			name = Release;
		};
		9661E7B81C0E9916006B892C /* Debug */ = {
			isa = XCBuildConfiguration;
			buildSettings = {
				BUNDLE_LOADER = "$(TEST_HOST)";
				INFOPLIST_FILE = calculatorTests/Info.plist;
				LD_RUNPATH_SEARCH_PATHS = "$(inherited) @executable_path/Frameworks @loader_path/Frameworks";
				PRODUCT_BUNDLE_IDENTIFIER = com.cncn.calculatorTests;
				PRODUCT_NAME = "$(TARGET_NAME)";
				TEST_HOST = "$(BUILT_PRODUCTS_DIR)/calculator.app/calculator";
			};
			name = Debug;
		};
		9661E7B91C0E9916006B892C /* Release */ = {
			isa = XCBuildConfiguration;
			buildSettings = {
				BUNDLE_LOADER = "$(TEST_HOST)";
				INFOPLIST_FILE = calculatorTests/Info.plist;
				LD_RUNPATH_SEARCH_PATHS = "$(inherited) @executable_path/Frameworks @loader_path/Frameworks";
				PRODUCT_BUNDLE_IDENTIFIER = com.cncn.calculatorTests;
				PRODUCT_NAME = "$(TARGET_NAME)";
				TEST_HOST = "$(BUILT_PRODUCTS_DIR)/calculator.app/calculator";
			};
			name = Release;
		};
		9661E7BB1C0E9916006B892C /* Debug */ = {
			isa = XCBuildConfiguration;
			buildSettings = {
				INFOPLIST_FILE = calculatorUITests/Info.plist;
				LD_RUNPATH_SEARCH_PATHS = "$(inherited) @executable_path/Frameworks @loader_path/Frameworks";
				PRODUCT_BUNDLE_IDENTIFIER = com.cncn.calculatorUITests;
				PRODUCT_NAME = "$(TARGET_NAME)";
				TEST_TARGET_NAME = calculator;
				USES_XCTRUNNER = YES;
			};
			name = Debug;
		};
		9661E7BC1C0E9916006B892C /* Release */ = {
			isa = XCBuildConfiguration;
			buildSettings = {
				INFOPLIST_FILE = calculatorUITests/Info.plist;
				LD_RUNPATH_SEARCH_PATHS = "$(inherited) @executable_path/Frameworks @loader_path/Frameworks";
				PRODUCT_BUNDLE_IDENTIFIER = com.cncn.calculatorUITests;
				PRODUCT_NAME = "$(TARGET_NAME)";
				TEST_TARGET_NAME = calculator;
				USES_XCTRUNNER = YES;
			};
			name = Release;
		};
/* End XCBuildConfiguration section */

/* Begin XCConfigurationList section */
		9661E7821C0E9916006B892C /* Build configuration list for PBXProject "calculator" */ = {
			isa = XCConfigurationList;
			buildConfigurations = (
				9661E7B21C0E9916006B892C /* Debug */,
				9661E7B31C0E9916006B892C /* Release */,
			);
			defaultConfigurationIsVisible = 0;
			defaultConfigurationName = Release;
		};
		9661E7B41C0E9916006B892C /* Build configuration list for PBXNativeTarget "calculator" */ = {
			isa = XCConfigurationList;
			buildConfigurations = (
				9661E7B51C0E9916006B892C /* Debug */,
				9661E7B61C0E9916006B892C /* Release */,
			);
			defaultConfigurationIsVisible = 0;
			defaultConfigurationName = Release;
		};
		9661E7B71C0E9916006B892C /* Build configuration list for PBXNativeTarget "calculatorTests" */ = {
			isa = XCConfigurationList;
			buildConfigurations = (
				9661E7B81C0E9916006B892C /* Debug */,
				9661E7B91C0E9916006B892C /* Release */,
			);
			defaultConfigurationIsVisible = 0;
			defaultConfigurationName = Release;
		};
		9661E7BA1C0E9916006B892C /* Build configuration list for PBXNativeTarget "calculatorUITests" */ = {
			isa = XCConfigurationList;
			buildConfigurations = (
				9661E7BB1C0E9916006B892C /* Debug */,
				9661E7BC1C0E9916006B892C /* Release */,
			);
			defaultConfigurationIsVisible = 0;
			defaultConfigurationName = Release;
		};
/* End XCConfigurationList section */
	};
	rootObject = 9661E77F1C0E9916006B892C /* Project object */;
}
